
Microsoft Visual Studio Solution File, Format Version 12.00
# Visual Studio Version 17
VisualStudioVersion = 17.11.35312.102
MinimumVisualStudioVersion = 10.0.40219.1
Project("{FAE04EC0-301F-11D3-BF4B-00C04F79EFBC}") = "caro game", "caro game.csproj", "{AB621866-3469-4FA8-A59A-F55F708B0C52}"
EndProject
Global
	GlobalSection(SolutionConfigurationPlatforms) = preSolution
		Debug|Any CPU = Debug|Any CPU
		Release|Any CPU = Release|Any CPU
	EndGlobalSection
	GlobalSection(ProjectConfigurationPlatforms) = postSolution
		{AB621866-3469-4FA8-A59A-F55F708B0C52}.Debug|Any CPU.ActiveCfg = Debug|Any CPU
		{AB621866-3469-4FA8-A59A-F55F708B0C52}.Debug|Any CPU.Build.0 = Debug|Any CPU
		{AB621866-3469-4FA8-A59A-F55F708B0C52}.Release|Any CPU.ActiveCfg = Release|Any CPU
		{AB621866-3469-4FA8-A59A-F55F708B0C52}.Release|Any CPU.Build.0 = Release|Any CPU
	EndGlobalSection
	GlobalSection(SolutionProperties) = preSolution
		HideSolutionNode = FALSE
	EndGlobalSection
	GlobalSection(ExtensibilityGlobals) = postSolution
		SolutionGuid = {759472BF-EBB7-4681-BB55-4CCE2CB2DC09}
	EndGlobalSection
EndGlobal
